
Microsoft Visual Studio Solution File, Format Version 12.00
# Visual Studio Version 17
VisualStudioVersion = 17.13.35931.197
MinimumVisualStudioVersion = 10.0.40219.1
Project("{2150E333-8FDC-42A3-9474-1A3956D46DE8}") = "src", "src", "{02EA681E-C7D8-13C7-8484-4AC65E1B71E8}"
EndProject
Project("{2150E333-8FDC-42A3-9474-1A3956D46DE8}") = "Core", "Core", "{AF48AC44-6D21-44DC-9FB1-F30187CA74EE}"
EndProject
Project("{2150E333-8FDC-42A3-9474-1A3956D46DE8}") = "Infrastructure", "Infrastructure", "{EAD78154-BD05-4582-A845-24730771E116}"
EndProject
Project("{2150E333-8FDC-42A3-9474-1A3956D46DE8}") = "GrapgQL.TMS.Persistence", "GrapgQL.TMS.Persistence", "{954195FB-784B-48ED-ADEF-DDF38CBBEFE8}"
EndProject
Project("{FAE04EC0-301F-11D3-BF4B-00C04F79EFBC}") = "GraphQL.TMS.Persistence", "GrapgQL.TMS.Persistence\GraphQL.TMS.Persistence.csproj", "{612204F2-5834-7FD7-167A-F12250F427AF}"
EndProject
Project("{2150E333-8FDC-42A3-9474-1A3956D46DE8}") = "GraphQL.TMS.Domain", "GraphQL.TMS.Domain", "{9BB81803-2A9A-4504-B549-28750A4C06EF}"
EndProject
Project("{FAE04EC0-301F-11D3-BF4B-00C04F79EFBC}") = "GraphQL.TMS.Domain", "GraphQL.TMS.Domain\GraphQL.TMS.Domain.csproj", "{159C0916-30AB-D586-50C5-DC761D3BB62A}"
EndProject
Project("{2150E333-8FDC-42A3-9474-1A3956D46DE8}") = "GraphQL.TMS.Application", "GraphQL.TMS.Application", "{A1E27571-5D34-408F-936D-2A2A5AB82CA4}"
EndProject
Project("{FAE04EC0-301F-11D3-BF4B-00C04F79EFBC}") = "GraphQL.TMS.Application", "GraphQL.TMS.Application\GraphQL.TMS.Application.csproj", "{2FEC6BDD-03D1-1C8D-1178-835D95E60CA1}"
EndProject
Project("{2150E333-8FDC-42A3-9474-1A3956D46DE8}") = "Api", "Api", "{E65CE876-5EA9-4347-9AB6-A49A1032F919}"
EndProject
Project("{2150E333-8FDC-42A3-9474-1A3956D46DE8}") = "GrapQL.TMS.Api", "GrapQL.TMS.Api", "{393082BA-6151-4A66-AE7A-123B5832ECA5}"
EndProject
Project("{FAE04EC0-301F-11D3-BF4B-00C04F79EFBC}") = "GraphQL.TMS.Api", "GrapQL.TMS.Api\GraphQL.TMS.Api.csproj", "{5ACE74E6-EA37-063B-A058-FF2B9C6E48E7}"
EndProject
Global
	GlobalSection(SolutionConfigurationPlatforms) = preSolution
		Debug|Any CPU = Debug|Any CPU
		Release|Any CPU = Release|Any CPU
	EndGlobalSection
	GlobalSection(ProjectConfigurationPlatforms) = postSolution
		{612204F2-5834-7FD7-167A-F12250F427AF}.Debug|Any CPU.ActiveCfg = Debug|Any CPU
		{612204F2-5834-7FD7-167A-F12250F427AF}.Debug|Any CPU.Build.0 = Debug|Any CPU
		{612204F2-5834-7FD7-167A-F12250F427AF}.Release|Any CPU.ActiveCfg = Release|Any CPU
		{612204F2-5834-7FD7-167A-F12250F427AF}.Release|Any CPU.Build.0 = Release|Any CPU
		{159C0916-30AB-D586-50C5-DC761D3BB62A}.Debug|Any CPU.ActiveCfg = Debug|Any CPU
		{159C0916-30AB-D586-50C5-DC761D3BB62A}.Debug|Any CPU.Build.0 = Debug|Any CPU
		{159C0916-30AB-D586-50C5-DC761D3BB62A}.Release|Any CPU.ActiveCfg = Release|Any CPU
		{159C0916-30AB-D586-50C5-DC761D3BB62A}.Release|Any CPU.Build.0 = Release|Any CPU
		{2FEC6BDD-03D1-1C8D-1178-835D95E60CA1}.Debug|Any CPU.ActiveCfg = Debug|Any CPU
		{2FEC6BDD-03D1-1C8D-1178-835D95E60CA1}.Debug|Any CPU.Build.0 = Debug|Any CPU
		{2FEC6BDD-03D1-1C8D-1178-835D95E60CA1}.Release|Any CPU.ActiveCfg = Release|Any CPU
		{2FEC6BDD-03D1-1C8D-1178-835D95E60CA1}.Release|Any CPU.Build.0 = Release|Any CPU
		{5ACE74E6-EA37-063B-A058-FF2B9C6E48E7}.Debug|Any CPU.ActiveCfg = Debug|Any CPU
		{5ACE74E6-EA37-063B-A058-FF2B9C6E48E7}.Debug|Any CPU.Build.0 = Debug|Any CPU
		{5ACE74E6-EA37-063B-A058-FF2B9C6E48E7}.Release|Any CPU.ActiveCfg = Release|Any CPU
		{5ACE74E6-EA37-063B-A058-FF2B9C6E48E7}.Release|Any CPU.Build.0 = Release|Any CPU
	EndGlobalSection
	GlobalSection(SolutionProperties) = preSolution
		HideSolutionNode = FALSE
	EndGlobalSection
	GlobalSection(NestedProjects) = preSolution
		{AF48AC44-6D21-44DC-9FB1-F30187CA74EE} = {02EA681E-C7D8-13C7-8484-4AC65E1B71E8}
		{EAD78154-BD05-4582-A845-24730771E116} = {02EA681E-C7D8-13C7-8484-4AC65E1B71E8}
		{954195FB-784B-48ED-ADEF-DDF38CBBEFE8} = {EAD78154-BD05-4582-A845-24730771E116}
		{612204F2-5834-7FD7-167A-F12250F427AF} = {954195FB-784B-48ED-ADEF-DDF38CBBEFE8}
		{9BB81803-2A9A-4504-B549-28750A4C06EF} = {AF48AC44-6D21-44DC-9FB1-F30187CA74EE}
		{159C0916-30AB-D586-50C5-DC761D3BB62A} = {9BB81803-2A9A-4504-B549-28750A4C06EF}
		{A1E27571-5D34-408F-936D-2A2A5AB82CA4} = {AF48AC44-6D21-44DC-9FB1-F30187CA74EE}
		{2FEC6BDD-03D1-1C8D-1178-835D95E60CA1} = {A1E27571-5D34-408F-936D-2A2A5AB82CA4}
		{E65CE876-5EA9-4347-9AB6-A49A1032F919} = {02EA681E-C7D8-13C7-8484-4AC65E1B71E8}
		{393082BA-6151-4A66-AE7A-123B5832ECA5} = {E65CE876-5EA9-4347-9AB6-A49A1032F919}
		{5ACE74E6-EA37-063B-A058-FF2B9C6E48E7} = {393082BA-6151-4A66-AE7A-123B5832ECA5}
	EndGlobalSection
	GlobalSection(ExtensibilityGlobals) = postSolution
		SolutionGuid = {C379F3D8-B261-4875-B675-B4B3BB35AA25}
	EndGlobalSection
EndGlobal
